
Microsoft Visual Studio Solution File, Format Version 12.00
# Visual Studio Version 17
VisualStudioVersion = 17.7.34202.233
MinimumVisualStudioVersion = 10.0.40219.1
Project("{FAE04EC0-301F-11D3-BF4B-00C04F79EFBC}") = "2301C2FirstWpfApp", "2301C2FirstWpfApp\2301C2FirstWpfApp.csproj", "{A46308CE-3B9B-46A1-8078-2BA752D4BF01}"
EndProject
Global
	GlobalSection(SolutionConfigurationPlatforms) = preSolution
		Debug|Any CPU = Debug|Any CPU
		Release|Any CPU = Release|Any CPU
	EndGlobalSection
	GlobalSection(ProjectConfigurationPlatforms) = postSolution
		{A46308CE-3B9B-46A1-8078-2BA752D4BF01}.Debug|Any CPU.ActiveCfg = Debug|Any CPU
		{A46308CE-3B9B-46A1-8078-2BA752D4BF01}.Debug|Any CPU.Build.0 = Debug|Any CPU
		{A46308CE-3B9B-46A1-8078-2BA752D4BF01}.Release|Any CPU.ActiveCfg = Release|Any CPU
		{A46308CE-3B9B-46A1-8078-2BA752D4BF01}.Release|Any CPU.Build.0 = Release|Any CPU
	EndGlobalSection
	GlobalSection(SolutionProperties) = preSolution
		HideSolutionNode = FALSE
	EndGlobalSection
	GlobalSection(ExtensibilityGlobals) = postSolution
		SolutionGuid = {C64D15F0-B3AF-4D1D-98AA-55162D252D57}
	EndGlobalSection
EndGlobal
